
Microsoft Visual Studio Solution File, Format Version 12.00
# Visual Studio 2013
VisualStudioVersion = 12.0.21005.1
MinimumVisualStudioVersion = 10.0.40219.1
Project("{FAE04EC0-301F-11D3-BF4B-00C04F79EFBC}") = "GreenAndGo", "GreenAndGo\GreenAndGo.csproj", "{20BCF8EB-BB36-432A-8FED-2B74FFDF2F0D}"
EndProject
Project("{FAE04EC0-301F-11D3-BF4B-00C04F79EFBC}") = "GreenAndGo.Tests", "..\..\..\Users\alex west\Development\GreenAndGo\GreenAndGo.Tests\GreenAndGo.Tests.csproj", "{1E930A77-19AD-4B8E-9141-461BF15E3F3D}"
EndProject
Global
	GlobalSection(SolutionConfigurationPlatforms) = preSolution
		Debug|Any CPU = Debug|Any CPU
		Release|Any CPU = Release|Any CPU
	EndGlobalSection
	GlobalSection(ProjectConfigurationPlatforms) = postSolution
		{20BCF8EB-BB36-432A-8FED-2B74FFDF2F0D}.Debug|Any CPU.ActiveCfg = Debug|Any CPU
		{20BCF8EB-BB36-432A-8FED-2B74FFDF2F0D}.Debug|Any CPU.Build.0 = Debug|Any CPU
		{20BCF8EB-BB36-432A-8FED-2B74FFDF2F0D}.Release|Any CPU.ActiveCfg = Release|Any CPU
		{20BCF8EB-BB36-432A-8FED-2B74FFDF2F0D}.Release|Any CPU.Build.0 = Release|Any CPU
		{1E930A77-19AD-4B8E-9141-461BF15E3F3D}.Debug|Any CPU.ActiveCfg = Debug|Any CPU
		{1E930A77-19AD-4B8E-9141-461BF15E3F3D}.Debug|Any CPU.Build.0 = Debug|Any CPU
		{1E930A77-19AD-4B8E-9141-461BF15E3F3D}.Release|Any CPU.ActiveCfg = Release|Any CPU
		{1E930A77-19AD-4B8E-9141-461BF15E3F3D}.Release|Any CPU.Build.0 = Release|Any CPU
	EndGlobalSection
	GlobalSection(SolutionProperties) = preSolution
		HideSolutionNode = FALSE
	EndGlobalSection
EndGlobal
